
Microsoft Visual Studio Solution File, Format Version 12.00
# Visual Studio 15
VisualStudioVersion = 15.0.28010.2046
MinimumVisualStudioVersion = 10.0.40219.1
Project("{FAE04EC0-301F-11D3-BF4B-00C04F79EFBC}") = "managerRegister", "managerRegister\managerRegister.csproj", "{DD05D982-575F-4B24-A6EA-2960385E3F0E}"
EndProject
Global
	GlobalSection(SolutionConfigurationPlatforms) = preSolution
		Debug|Any CPU = Debug|Any CPU
		Release|Any CPU = Release|Any CPU
	EndGlobalSection
	GlobalSection(ProjectConfigurationPlatforms) = postSolution
		{DD05D982-575F-4B24-A6EA-2960385E3F0E}.Debug|Any CPU.ActiveCfg = Debug|Any CPU
		{DD05D982-575F-4B24-A6EA-2960385E3F0E}.Debug|Any CPU.Build.0 = Debug|Any CPU
		{DD05D982-575F-4B24-A6EA-2960385E3F0E}.Release|Any CPU.ActiveCfg = Release|Any CPU
		{DD05D982-575F-4B24-A6EA-2960385E3F0E}.Release|Any CPU.Build.0 = Release|Any CPU
	EndGlobalSection
	GlobalSection(SolutionProperties) = preSolution
		HideSolutionNode = FALSE
	EndGlobalSection
	GlobalSection(ExtensibilityGlobals) = postSolution
		SolutionGuid = {F59A234A-0BCE-4ECB-9E6C-FAE56850DBBC}
	EndGlobalSection
EndGlobal
